
Microsoft Visual Studio Solution File, Format Version 12.00
# Visual Studio Version 16
VisualStudioVersion = 16.0.30204.135
MinimumVisualStudioVersion = 10.0.40219.1
Project("{9A19103F-16F7-4668-BE54-9A1E7A4F7556}") = "Betalingsservice.Parser", "src\Betalingsservice.Parser\Betalingsservice.Parser.csproj", "{B6CED628-FD38-45DF-A35E-8A10A1243FD4}"
EndProject
Global
	GlobalSection(SolutionConfigurationPlatforms) = preSolution
		Debug|Any CPU = Debug|Any CPU
		Release|Any CPU = Release|Any CPU
	EndGlobalSection
	GlobalSection(ProjectConfigurationPlatforms) = postSolution
		{B6CED628-FD38-45DF-A35E-8A10A1243FD4}.Debug|Any CPU.ActiveCfg = Debug|Any CPU
		{B6CED628-FD38-45DF-A35E-8A10A1243FD4}.Debug|Any CPU.Build.0 = Debug|Any CPU
		{B6CED628-FD38-45DF-A35E-8A10A1243FD4}.Release|Any CPU.ActiveCfg = Release|Any CPU
		{B6CED628-FD38-45DF-A35E-8A10A1243FD4}.Release|Any CPU.Build.0 = Release|Any CPU
	EndGlobalSection
	GlobalSection(SolutionProperties) = preSolution
		HideSolutionNode = FALSE
	EndGlobalSection
	GlobalSection(ExtensibilityGlobals) = postSolution
		SolutionGuid = {45FE255A-FF2F-473F-BA0F-BFEA671874A4}
	EndGlobalSection
EndGlobal
